
Microsoft Visual Studio Solution File, Format Version 12.00
# Visual Studio Version 17
VisualStudioVersion = 17.0.31825.309
MinimumVisualStudioVersion = 10.0.40219.1
Project("{FAE04EC0-301F-11D3-BF4B-00C04F79EFBC}") = "DECAPP.Android", "DECAPP\DECAPP.Android\DECAPP.Android.csproj", "{41F120D7-41AF-4C30-B3F4-B4C4A2D8C058}"
EndProject
Project("{FAE04EC0-301F-11D3-BF4B-00C04F79EFBC}") = "DECAPP.iOS", "DECAPP\DECAPP.iOS\DECAPP.iOS.csproj", "{EFF06A10-CD7A-4947-AB0E-7A2E8D707A56}"
EndProject
Project("{FAE04EC0-301F-11D3-BF4B-00C04F79EFBC}") = "DECAPP.UWP", "DECAPP\DECAPP.UWP\DECAPP.UWP.csproj", "{8E7DEDA6-6BA7-4A7B-B6CC-BE11AA396652}"
EndProject
Project("{9A19103F-16F7-4668-BE54-9A1E7A4F7556}") = "DECAPP", "DECAPP\DECAPP\DECAPP.csproj", "{2356EA45-5D3A-4599-B9F6-90323A687CDF}"
EndProject
Global
	GlobalSection(SolutionConfigurationPlatforms) = preSolution
		Debug|Any CPU = Debug|Any CPU
		Debug|ARM = Debug|ARM
		Debug|iPhone = Debug|iPhone
		Debug|iPhoneSimulator = Debug|iPhoneSimulator
		Debug|x64 = Debug|x64
		Debug|x86 = Debug|x86
		Release|Any CPU = Release|Any CPU
		Release|ARM = Release|ARM
		Release|iPhone = Release|iPhone
		Release|iPhoneSimulator = Release|iPhoneSimulator
		Release|x64 = Release|x64
		Release|x86 = Release|x86
	EndGlobalSection
	GlobalSection(ProjectConfigurationPlatforms) = postSolution
		{41F120D7-41AF-4C30-B3F4-B4C4A2D8C058}.Debug|Any CPU.ActiveCfg = Debug|Any CPU
		{41F120D7-41AF-4C30-B3F4-B4C4A2D8C058}.Debug|Any CPU.Build.0 = Debug|Any CPU
		{41F120D7-41AF-4C30-B3F4-B4C4A2D8C058}.Debug|Any CPU.Deploy.0 = Debug|Any CPU
		{41F120D7-41AF-4C30-B3F4-B4C4A2D8C058}.Debug|ARM.ActiveCfg = Debug|Any CPU
		{41F120D7-41AF-4C30-B3F4-B4C4A2D8C058}.Debug|ARM.Build.0 = Debug|Any CPU
		{41F120D7-41AF-4C30-B3F4-B4C4A2D8C058}.Debug|ARM.Deploy.0 = Debug|Any CPU
		{41F120D7-41AF-4C30-B3F4-B4C4A2D8C058}.Debug|iPhone.ActiveCfg = Debug|Any CPU
		{41F120D7-41AF-4C30-B3F4-B4C4A2D8C058}.Debug|iPhone.Build.0 = Debug|Any CPU
		{41F120D7-41AF-4C30-B3F4-B4C4A2D8C058}.Debug|iPhone.Deploy.0 = Debug|Any CPU
		{41F120D7-41AF-4C30-B3F4-B4C4A2D8C058}.Debug|iPhoneSimulator.ActiveCfg = Debug|Any CPU
		{41F120D7-41AF-4C30-B3F4-B4C4A2D8C058}.Debug|iPhoneSimulator.Build.0 = Debug|Any CPU
		{41F120D7-41AF-4C30-B3F4-B4C4A2D8C058}.Debug|iPhoneSimulator.Deploy.0 = Debug|Any CPU
		{41F120D7-41AF-4C30-B3F4-B4C4A2D8C058}.Debug|x64.ActiveCfg = Debug|Any CPU
		{41F120D7-41AF-4C30-B3F4-B4C4A2D8C058}.Debug|x64.Build.0 = Debug|Any CPU
		{41F120D7-41AF-4C30-B3F4-B4C4A2D8C058}.Debug|x64.Deploy.0 = Debug|Any CPU
		{41F120D7-41AF-4C30-B3F4-B4C4A2D8C058}.Debug|x86.ActiveCfg = Debug|Any CPU
		{41F120D7-41AF-4C30-B3F4-B4C4A2D8C058}.Debug|x86.Build.0 = Debug|Any CPU
		{41F120D7-41AF-4C30-B3F4-B4C4A2D8C058}.Debug|x86.Deploy.0 = Debug|Any CPU
		{41F120D7-41AF-4C30-B3F4-B4C4A2D8C058}.Release|Any CPU.ActiveCfg = Release|Any CPU
		{41F120D7-41AF-4C30-B3F4-B4C4A2D8C058}.Release|Any CPU.Build.0 = Release|Any CPU
		{41F120D7-41AF-4C30-B3F4-B4C4A2D8C058}.Release|Any CPU.Deploy.0 = Release|Any CPU
		{41F120D7-41AF-4C30-B3F4-B4C4A2D8C058}.Release|ARM.ActiveCfg = Release|Any CPU
		{41F120D7-41AF-4C30-B3F4-B4C4A2D8C058}.Release|ARM.Build.0 = Release|Any CPU
		{41F120D7-41AF-4C30-B3F4-B4C4A2D8C058}.Release|ARM.Deploy.0 = Release|Any CPU
		{41F120D7-41AF-4C30-B3F4-B4C4A2D8C058}.Release|iPhone.ActiveCfg = Release|Any CPU
		{41F120D7-41AF-4C30-B3F4-B4C4A2D8C058}.Release|iPhone.Build.0 = Release|Any CPU
		{41F120D7-41AF-4C30-B3F4-B4C4A2D8C058}.Release|iPhone.Deploy.0 = Release|Any CPU
		{41F120D7-41AF-4C30-B3F4-B4C4A2D8C058}.Release|iPhoneSimulator.ActiveCfg = Release|Any CPU
		{41F120D7-41AF-4C30-B3F4-B4C4A2D8C058}.Release|iPhoneSimulator.Build.0 = Release|Any CPU
		{41F120D7-41AF-4C30-B3F4-B4C4A2D8C058}.Release|iPhoneSimulator.Deploy.0 = Release|Any CPU
		{41F120D7-41AF-4C30-B3F4-B4C4A2D8C058}.Release|x64.ActiveCfg = Release|Any CPU
		{41F120D7-41AF-4C30-B3F4-B4C4A2D8C058}.Release|x64.Build.0 = Release|Any CPU
		{41F120D7-41AF-4C30-B3F4-B4C4A2D8C058}.Release|x64.Deploy.0 = Release|Any CPU
		{41F120D7-41AF-4C30-B3F4-B4C4A2D8C058}.Release|x86.ActiveCfg = Release|Any CPU
		{41F120D7-41AF-4C30-B3F4-B4C4A2D8C058}.Release|x86.Build.0 = Release|Any CPU
		{41F120D7-41AF-4C30-B3F4-B4C4A2D8C058}.Release|x86.Deploy.0 = Release|Any CPU
		{EFF06A10-CD7A-4947-AB0E-7A2E8D707A56}.Debug|Any CPU.ActiveCfg = Debug|iPhoneSimulator
		{EFF06A10-CD7A-4947-AB0E-7A2E8D707A56}.Debug|Any CPU.Build.0 = Debug|iPhoneSimulator
		{EFF06A10-CD7A-4947-AB0E-7A2E8D707A56}.Debug|Any CPU.Deploy.0 = Debug|iPhoneSimulator
		{EFF06A10-CD7A-4947-AB0E-7A2E8D707A56}.Debug|ARM.ActiveCfg = Debug|iPhoneSimulator
		{EFF06A10-CD7A-4947-AB0E-7A2E8D707A56}.Debug|ARM.Build.0 = Debug|iPhoneSimulator
		{EFF06A10-CD7A-4947-AB0E-7A2E8D707A56}.Debug|ARM.Deploy.0 = Debug|iPhoneSimulator
		{EFF06A10-CD7A-4947-AB0E-7A2E8D707A56}.Debug|iPhone.ActiveCfg = Debug|iPhoneSimulator
		{EFF06A10-CD7A-4947-AB0E-7A2E8D707A56}.Debug|iPhone.Build.0 = Debug|iPhoneSimulator
		{EFF06A10-CD7A-4947-AB0E-7A2E8D707A56}.Debug|iPhone.Deploy.0 = Debug|iPhoneSimulator
		{EFF06A10-CD7A-4947-AB0E-7A2E8D707A56}.Debug|iPhoneSimulator.ActiveCfg = Debug|iPhoneSimulator
		{EFF06A10-CD7A-4947-AB0E-7A2E8D707A56}.Debug|iPhoneSimulator.Build.0 = Debug|iPhoneSimulator
		{EFF06A10-CD7A-4947-AB0E-7A2E8D707A56}.Debug|iPhoneSimulator.Deploy.0 = Debug|iPhoneSimulator
		{EFF06A10-CD7A-4947-AB0E-7A2E8D707A56}.Debug|x64.ActiveCfg = Debug|iPhoneSimulator
		{EFF06A10-CD7A-4947-AB0E-7A2E8D707A56}.Debug|x64.Build.0 = Debug|iPhoneSimulator
		{EFF06A10-CD7A-4947-AB0E-7A2E8D707A56}.Debug|x64.Deploy.0 = Debug|iPhoneSimulator
		{EFF06A10-CD7A-4947-AB0E-7A2E8D707A56}.Debug|x86.ActiveCfg = Debug|iPhoneSimulator
		{EFF06A10-CD7A-4947-AB0E-7A2E8D707A56}.Debug|x86.Build.0 = Debug|iPhoneSimulator
		{EFF06A10-CD7A-4947-AB0E-7A2E8D707A56}.Debug|x86.Deploy.0 = Debug|iPhoneSimulator
		{EFF06A10-CD7A-4947-AB0E-7A2E8D707A56}.Release|Any CPU.ActiveCfg = Release|iPhone
		{EFF06A10-CD7A-4947-AB0E-7A2E8D707A56}.Release|Any CPU.Build.0 = Release|iPhone
		{EFF06A10-CD7A-4947-AB0E-7A2E8D707A56}.Release|Any CPU.Deploy.0 = Release|iPhone
		{EFF06A10-CD7A-4947-AB0E-7A2E8D707A56}.Release|ARM.ActiveCfg = Release|iPhone
		{EFF06A10-CD7A-4947-AB0E-7A2E8D707A56}.Release|ARM.Build.0 = Release|iPhone
		{EFF06A10-CD7A-4947-AB0E-7A2E8D707A56}.Release|ARM.Deploy.0 = Release|iPhone
		{EFF06A10-CD7A-4947-AB0E-7A2E8D707A56}.Release|iPhone.ActiveCfg = Release|iPhone
		{EFF06A10-CD7A-4947-AB0E-7A2E8D707A56}.Release|iPhone.Build.0 = Release|iPhone
		{EFF06A10-CD7A-4947-AB0E-7A2E8D707A56}.Release|iPhone.Deploy.0 = Release|iPhone
		{EFF06A10-CD7A-4947-AB0E-7A2E8D707A56}.Release|iPhoneSimulator.ActiveCfg = Release|iPhoneSimulator
		{EFF06A10-CD7A-4947-AB0E-7A2E8D707A56}.Release|iPhoneSimulator.Build.0 = Release|iPhoneSimulator
		{EFF06A10-CD7A-4947-AB0E-7A2E8D707A56}.Release|iPhoneSimulator.Deploy.0 = Release|iPhoneSimulator
		{EFF06A10-CD7A-4947-AB0E-7A2E8D707A56}.Release|x64.ActiveCfg = Release|iPhone
		{EFF06A10-CD7A-4947-AB0E-7A2E8D707A56}.Release|x64.Build.0 = Release|iPhone
		{EFF06A10-CD7A-4947-AB0E-7A2E8D707A56}.Release|x64.Deploy.0 = Release|iPhone
		{EFF06A10-CD7A-4947-AB0E-7A2E8D707A56}.Release|x86.ActiveCfg = Release|iPhone
		{EFF06A10-CD7A-4947-AB0E-7A2E8D707A56}.Release|x86.Build.0 = Release|iPhone
		{EFF06A10-CD7A-4947-AB0E-7A2E8D707A56}.Release|x86.Deploy.0 = Release|iPhone
		{8E7DEDA6-6BA7-4A7B-B6CC-BE11AA396652}.Debug|Any CPU.ActiveCfg = Debug|x86
		{8E7DEDA6-6BA7-4A7B-B6CC-BE11AA396652}.Debug|Any CPU.Build.0 = Debug|x86
		{8E7DEDA6-6BA7-4A7B-B6CC-BE11AA396652}.Debug|Any CPU.Deploy.0 = Debug|x86
		{8E7DEDA6-6BA7-4A7B-B6CC-BE11AA396652}.Debug|ARM.ActiveCfg = Debug|x86
		{8E7DEDA6-6BA7-4A7B-B6CC-BE11AA396652}.Debug|ARM.Build.0 = Debug|x86
		{8E7DEDA6-6BA7-4A7B-B6CC-BE11AA396652}.Debug|ARM.Deploy.0 = Debug|x86
		{8E7DEDA6-6BA7-4A7B-B6CC-BE11AA396652}.Debug|iPhone.ActiveCfg = Debug|x86
		{8E7DEDA6-6BA7-4A7B-B6CC-BE11AA396652}.Debug|iPhone.Build.0 = Debug|x86
		{8E7DEDA6-6BA7-4A7B-B6CC-BE11AA396652}.Debug|iPhone.Deploy.0 = Debug|x86
		{8E7DEDA6-6BA7-4A7B-B6CC-BE11AA396652}.Debug|iPhoneSimulator.ActiveCfg = Debug|x86
		{8E7DEDA6-6BA7-4A7B-B6CC-BE11AA396652}.Debug|iPhoneSimulator.Build.0 = Debug|x86
		{8E7DEDA6-6BA7-4A7B-B6CC-BE11AA396652}.Debug|iPhoneSimulator.Deploy.0 = Debug|x86
		{8E7DEDA6-6BA7-4A7B-B6CC-BE11AA396652}.Debug|x64.ActiveCfg = Debug|x86
		{8E7DEDA6-6BA7-4A7B-B6CC-BE11AA396652}.Debug|x64.Build.0 = Debug|x86
		{8E7DEDA6-6BA7-4A7B-B6CC-BE11AA396652}.Debug|x64.Deploy.0 = Debug|x86
		{8E7DEDA6-6BA7-4A7B-B6CC-BE11AA396652}.Debug|x86.ActiveCfg = Debug|x86
		{8E7DEDA6-6BA7-4A7B-B6CC-BE11AA396652}.Debug|x86.Build.0 = Debug|x86
		{8E7DEDA6-6BA7-4A7B-B6CC-BE11AA396652}.Debug|x86.Deploy.0 = Debug|x86
		{8E7DEDA6-6BA7-4A7B-B6CC-BE11AA396652}.Release|Any CPU.ActiveCfg = Release|x86
		{8E7DEDA6-6BA7-4A7B-B6CC-BE11AA396652}.Release|Any CPU.Build.0 = Release|x86
		{8E7DEDA6-6BA7-4A7B-B6CC-BE11AA396652}.Release|Any CPU.Deploy.0 = Release|x86
		{8E7DEDA6-6BA7-4A7B-B6CC-BE11AA396652}.Release|ARM.ActiveCfg = Release|ARM
		{8E7DEDA6-6BA7-4A7B-B6CC-BE11AA396652}.Release|ARM.Build.0 = Release|ARM
		{8E7DEDA6-6BA7-4A7B-B6CC-BE11AA396652}.Release|ARM.Deploy.0 = Release|ARM
		{8E7DEDA6-6BA7-4A7B-B6CC-BE11AA396652}.Release|iPhone.ActiveCfg = Release|x86
		{8E7DEDA6-6BA7-4A7B-B6CC-BE11AA396652}.Release|iPhone.Build.0 = Release|x86
		{8E7DEDA6-6BA7-4A7B-B6CC-BE11AA396652}.Release|iPhone.Deploy.0 = Release|x86
		{8E7DEDA6-6BA7-4A7B-B6CC-BE11AA396652}.Release|iPhoneSimulator.ActiveCfg = Release|x86
		{8E7DEDA6-6BA7-4A7B-B6CC-BE11AA396652}.Release|iPhoneSimulator.Build.0 = Release|x86
		{8E7DEDA6-6BA7-4A7B-B6CC-BE11AA396652}.Release|iPhoneSimulator.Deploy.0 = Release|x86
		{8E7DEDA6-6BA7-4A7B-B6CC-BE11AA396652}.Release|x64.ActiveCfg = Release|x64
		{8E7DEDA6-6BA7-4A7B-B6CC-BE11AA396652}.Release|x64.Build.0 = Release|x64
		{8E7DEDA6-6BA7-4A7B-B6CC-BE11AA396652}.Release|x64.Deploy.0 = Release|x64
		{8E7DEDA6-6BA7-4A7B-B6CC-BE11AA396652}.Release|x86.ActiveCfg = Release|x86
		{8E7DEDA6-6BA7-4A7B-B6CC-BE11AA396652}.Release|x86.Build.0 = Release|x86
		{8E7DEDA6-6BA7-4A7B-B6CC-BE11AA396652}.Release|x86.Deploy.0 = Release|x86
		{2356EA45-5D3A-4599-B9F6-90323A687CDF}.Debug|Any CPU.ActiveCfg = Release|Any CPU
		{2356EA45-5D3A-4599-B9F6-90323A687CDF}.Debug|Any CPU.Build.0 = Release|Any CPU
		{2356EA45-5D3A-4599-B9F6-90323A687CDF}.Debug|ARM.ActiveCfg = Release|Any CPU
		{2356EA45-5D3A-4599-B9F6-90323A687CDF}.Debug|ARM.Build.0 = Release|Any CPU
		{2356EA45-5D3A-4599-B9F6-90323A687CDF}.Debug|iPhone.ActiveCfg = Release|Any CPU
		{2356EA45-5D3A-4599-B9F6-90323A687CDF}.Debug|iPhone.Build.0 = Release|Any CPU
		{2356EA45-5D3A-4599-B9F6-90323A687CDF}.Debug|iPhoneSimulator.ActiveCfg = Release|Any CPU
		{2356EA45-5D3A-4599-B9F6-90323A687CDF}.Debug|iPhoneSimulator.Build.0 = Release|Any CPU
		{2356EA45-5D3A-4599-B9F6-90323A687CDF}.Debug|x64.ActiveCfg = Release|Any CPU
		{2356EA45-5D3A-4599-B9F6-90323A687CDF}.Debug|x64.Build.0 = Release|Any CPU
		{2356EA45-5D3A-4599-B9F6-90323A687CDF}.Debug|x86.ActiveCfg = Release|Any CPU
		{2356EA45-5D3A-4599-B9F6-90323A687CDF}.Debug|x86.Build.0 = Release|Any CPU
		{2356EA45-5D3A-4599-B9F6-90323A687CDF}.Release|Any CPU.ActiveCfg = Release|Any CPU
		{2356EA45-5D3A-4599-B9F6-90323A687CDF}.Release|Any CPU.Build.0 = Release|Any CPU
		{2356EA45-5D3A-4599-B9F6-90323A687CDF}.Release|Any CPU.Deploy.0 = Release|Any CPU
		{2356EA45-5D3A-4599-B9F6-90323A687CDF}.Release|ARM.ActiveCfg = Release|Any CPU
		{2356EA45-5D3A-4599-B9F6-90323A687CDF}.Release|ARM.Build.0 = Release|Any CPU
		{2356EA45-5D3A-4599-B9F6-90323A687CDF}.Release|ARM.Deploy.0 = Release|Any CPU
		{2356EA45-5D3A-4599-B9F6-90323A687CDF}.Release|iPhone.ActiveCfg = Release|Any CPU
		{2356EA45-5D3A-4599-B9F6-90323A687CDF}.Release|iPhone.Build.0 = Release|Any CPU
		{2356EA45-5D3A-4599-B9F6-90323A687CDF}.Release|iPhone.Deploy.0 = Release|Any CPU
		{2356EA45-5D3A-4599-B9F6-90323A687CDF}.Release|iPhoneSimulator.ActiveCfg = Release|Any CPU
		{2356EA45-5D3A-4599-B9F6-90323A687CDF}.Release|iPhoneSimulator.Build.0 = Release|Any CPU
		{2356EA45-5D3A-4599-B9F6-90323A687CDF}.Release|iPhoneSimulator.Deploy.0 = Release|Any CPU
		{2356EA45-5D3A-4599-B9F6-90323A687CDF}.Release|x64.ActiveCfg = Release|Any CPU
		{2356EA45-5D3A-4599-B9F6-90323A687CDF}.Release|x64.Build.0 = Release|Any CPU
		{2356EA45-5D3A-4599-B9F6-90323A687CDF}.Release|x64.Deploy.0 = Release|Any CPU
		{2356EA45-5D3A-4599-B9F6-90323A687CDF}.Release|x86.ActiveCfg = Release|Any CPU
		{2356EA45-5D3A-4599-B9F6-90323A687CDF}.Release|x86.Build.0 = Release|Any CPU
		{2356EA45-5D3A-4599-B9F6-90323A687CDF}.Release|x86.Deploy.0 = Release|Any CPU
	EndGlobalSection
	GlobalSection(SolutionProperties) = preSolution
		HideSolutionNode = FALSE
	EndGlobalSection
	GlobalSection(ExtensibilityGlobals) = postSolution
		SolutionGuid = {9AAF58FC-B542-45CC-9EA2-3196ECD21D34}
		RESX_ConfirmAddLanguageFile = False
	EndGlobalSection
EndGlobal
